
Microsoft Visual Studio Solution File, Format Version 12.00
# Visual Studio Version 17
VisualStudioVersion = 17.0.31919.166
MinimumVisualStudioVersion = 10.0.40219.1
Project("{9A19103F-16F7-4668-BE54-9A1E7A4F7556}") = "WebApp", "WebApp\WebApp.csproj", "{1228CBCC-57AC-490E-8A77-9F285B51A567}"
EndProject
Project("{9A19103F-16F7-4668-BE54-9A1E7A4F7556}") = "IdentityServerAspNetIdentity", "IdentityServerAspNetIdentity\IdentityServerAspNetIdentity.csproj", "{181BF0A6-6E97-4720-A270-E929334E1C94}"
EndProject
Global
	GlobalSection(SolutionConfigurationPlatforms) = preSolution
		Debug|Any CPU = Debug|Any CPU
		Release|Any CPU = Release|Any CPU
	EndGlobalSection
	GlobalSection(ProjectConfigurationPlatforms) = postSolution
		{1228CBCC-57AC-490E-8A77-9F285B51A567}.Debug|Any CPU.ActiveCfg = Debug|Any CPU
		{1228CBCC-57AC-490E-8A77-9F285B51A567}.Debug|Any CPU.Build.0 = Debug|Any CPU
		{1228CBCC-57AC-490E-8A77-9F285B51A567}.Release|Any CPU.ActiveCfg = Release|Any CPU
		{1228CBCC-57AC-490E-8A77-9F285B51A567}.Release|Any CPU.Build.0 = Release|Any CPU
		{181BF0A6-6E97-4720-A270-E929334E1C94}.Debug|Any CPU.ActiveCfg = Debug|Any CPU
		{181BF0A6-6E97-4720-A270-E929334E1C94}.Debug|Any CPU.Build.0 = Debug|Any CPU
		{181BF0A6-6E97-4720-A270-E929334E1C94}.Release|Any CPU.ActiveCfg = Release|Any CPU
		{181BF0A6-6E97-4720-A270-E929334E1C94}.Release|Any CPU.Build.0 = Release|Any CPU
	EndGlobalSection
	GlobalSection(SolutionProperties) = preSolution
		HideSolutionNode = FALSE
	EndGlobalSection
	GlobalSection(ExtensibilityGlobals) = postSolution
		SolutionGuid = {D886C355-F502-4720-95B8-48F7499E3435}
	EndGlobalSection
EndGlobal
